// !$*UTF8*$!
{
	archiveVersion = 1;
	classes = {
	};
	objectVersion = 46;
	objects = {

/* Begin PBXBuildFile section */
		BD0213B1187BB63800E113DA /* VLMSpinner.m in Sources */ = {isa = PBXBuildFile; fileRef = BD0213B0187BB63800E113DA /* VLMSpinner.m */; };
		BD1DCBC218A8304600DD81E6 /* MKAnnotationView+WebCache.m in Sources */ = {isa = PBXBuildFile; fileRef = BD1DCBA618A8304600DD81E6 /* MKAnnotationView+WebCache.m */; };
		BD1DCBC318A8304600DD81E6 /* NSData+ImageContentType.m in Sources */ = {isa = PBXBuildFile; fileRef = BD1DCBA818A8304600DD81E6 /* NSData+ImageContentType.m */; };
		BD1DCBC418A8304600DD81E6 /* SDImageCache.m in Sources */ = {isa = PBXBuildFile; fileRef = BD1DCBAA18A8304600DD81E6 /* SDImageCache.m */; };
		BD1DCBC518A8304600DD81E6 /* SDWebImageCompat.m in Sources */ = {isa = PBXBuildFile; fileRef = BD1DCBAC18A8304600DD81E6 /* SDWebImageCompat.m */; };
		BD1DCBC618A8304600DD81E6 /* SDWebImageDecoder.m in Sources */ = {isa = PBXBuildFile; fileRef = BD1DCBAE18A8304600DD81E6 /* SDWebImageDecoder.m */; };
		BD1DCBC718A8304600DD81E6 /* SDWebImageDownloader.m in Sources */ = {isa = PBXBuildFile; fileRef = BD1DCBB018A8304600DD81E6 /* SDWebImageDownloader.m */; };
		BD1DCBC818A8304600DD81E6 /* SDWebImageDownloaderOperation.m in Sources */ = {isa = PBXBuildFile; fileRef = BD1DCBB218A8304600DD81E6 /* SDWebImageDownloaderOperation.m */; };
		BD1DCBC918A8304600DD81E6 /* SDWebImageManager.m in Sources */ = {isa = PBXBuildFile; fileRef = BD1DCBB418A8304600DD81E6 /* SDWebImageManager.m */; };
		BD1DCBCA18A8304600DD81E6 /* SDWebImagePrefetcher.m in Sources */ = {isa = PBXBuildFile; fileRef = BD1DCBB718A8304600DD81E6 /* SDWebImagePrefetcher.m */; };
		BD1DCBCB18A8304600DD81E6 /* UIButton+WebCache.m in Sources */ = {isa = PBXBuildFile; fileRef = BD1DCBB918A8304600DD81E6 /* UIButton+WebCache.m */; };
		BD1DCBCC18A8304600DD81E6 /* UIImage+GIF.m in Sources */ = {isa = PBXBuildFile; fileRef = BD1DCBBB18A8304600DD81E6 /* UIImage+GIF.m */; };
		BD1DCBCD18A8304600DD81E6 /* UIImage+MultiFormat.m in Sources */ = {isa = PBXBuildFile; fileRef = BD1DCBBD18A8304600DD81E6 /* UIImage+MultiFormat.m */; };
		BD1DCBCE18A8304600DD81E6 /* UIImage+WebP.m in Sources */ = {isa = PBXBuildFile; fileRef = BD1DCBBF18A8304600DD81E6 /* UIImage+WebP.m */; };
		BD1DCBCF18A8304600DD81E6 /* UIImageView+WebCache.m in Sources */ = {isa = PBXBuildFile; fileRef = BD1DCBC118A8304600DD81E6 /* UIImageView+WebCache.m */; };
		BD47DFD9185A71150048925D /* VLMParser.m in Sources */ = {isa = PBXBuildFile; fileRef = BD47DFD8185A71150048925D /* VLMParser.m */; };
		BD4F5C49187D0C9400BAD2AB /* Draftsman.ttf in Resources */ = {isa = PBXBuildFile; fileRef = BD4F5C47187D0C9400BAD2AB /* Draftsman.ttf */; };
		BD4F5C4A187D0C9400BAD2AB /* ARCHITEC.TTF in Resources */ = {isa = PBXBuildFile; fileRef = BD4F5C48187D0C9400BAD2AB /* ARCHITEC.TTF */; };
		BD4F5C4D187D488C00BAD2AB /* VLMAnimButton.m in Sources */ = {isa = PBXBuildFile; fileRef = BD4F5C4C187D488C00BAD2AB /* VLMAnimButton.m */; };
		BD4F5C53187F38D300BAD2AB /* VLMWireframeCell.m in Sources */ = {isa = PBXBuildFile; fileRef = BD4F5C52187F38D300BAD2AB /* VLMWireframeCell.m */; };
		BD4F5C57187F391B00BAD2AB /* VLMStaticImageCell.m in Sources */ = {isa = PBXBuildFile; fileRef = BD4F5C56187F391B00BAD2AB /* VLMStaticImageCell.m */; };
		BD6B134618A0E8D8004E4FC3 /* UIScrollView+BDDRScrollViewAdditions.m in Sources */ = {isa = PBXBuildFile; fileRef = BD6B134518A0E8D8004E4FC3 /* UIScrollView+BDDRScrollViewAdditions.m */; };
		BD6B134B18A0E96E004E4FC3 /* BDDROneFingerZoomGestureRecognizer.m in Sources */ = {isa = PBXBuildFile; fileRef = BD6B134818A0E96E004E4FC3 /* BDDROneFingerZoomGestureRecognizer.m */; };
		BD6B134C18A0E96E004E4FC3 /* JRSwizzle.m in Sources */ = {isa = PBXBuildFile; fileRef = BD6B134A18A0E96E004E4FC3 /* JRSwizzle.m */; };
		BD7C1BF318A6CC9000565F20 /* UIImage+Resize.m in Sources */ = {isa = PBXBuildFile; fileRef = BD7C1BF218A6CC9000565F20 /* UIImage+Resize.m */; };
		BD7C1BF818A6CCF100565F20 /* UIImage+Alpha.m in Sources */ = {isa = PBXBuildFile; fileRef = BD7C1BF518A6CCF100565F20 /* UIImage+Alpha.m */; };
		BD7C1BF918A6CCF100565F20 /* UIImage+RoundedCorner.m in Sources */ = {isa = PBXBuildFile; fileRef = BD7C1BF718A6CCF100565F20 /* UIImage+RoundedCorner.m */; };
		BD7C1BFC18A6E3D800565F20 /* VLMCachableImageView.m in Sources */ = {isa = PBXBuildFile; fileRef = BD7C1BFB18A6E3D800565F20 /* VLMCachableImageView.m */; };
		BD7C1BFF18A6F53100565F20 /* NSCache+Fix.m in Sources */ = {isa = PBXBuildFile; fileRef = BD7C1BFE18A6F53100565F20 /* NSCache+Fix.m */; };
		BD8C6E01185969ED005FA217 /* data.json in Resources */ = {isa = PBXBuildFile; fileRef = BD8C6E00185969ED005FA217 /* data.json */; };
		BD8FD83918401B9700C8B9C6 /* VLMCollectionViewCellWithChoices.m in Sources */ = {isa = PBXBuildFile; fileRef = BD8FD83818401B9700C8B9C6 /* VLMCollectionViewCellWithChoices.m */; };
		BD8FD83C18402F5D00C8B9C6 /* VLMCaptureView.m in Sources */ = {isa = PBXBuildFile; fileRef = BD8FD83B18402F5D00C8B9C6 /* VLMCaptureView.m */; };
		BD8FD83F1840877C00C8B9C6 /* VLMGradient.m in Sources */ = {isa = PBXBuildFile; fileRef = BD8FD83E1840877C00C8B9C6 /* VLMGradient.m */; };
		BD9139DE18A5E42B0081E37C /* Images in Resources */ = {isa = PBXBuildFile; fileRef = BD9139DC18A5DA6C0081E37C /* Images */; };
		BD9139E118A5F2940081E37C /* VLMApplicationData.m in Sources */ = {isa = PBXBuildFile; fileRef = BD9139E018A5F2940081E37C /* VLMApplicationData.m */; };
		BD9B2BA918A0BF9B00756943 /* VLMZoomableImageView.m in Sources */ = {isa = PBXBuildFile; fileRef = BD9B2BA818A0BF9B00756943 /* VLMZoomableImageView.m */; };
		BDA1F987184E69F500C4AC57 /* VLMPanelModels.m in Sources */ = {isa = PBXBuildFile; fileRef = BDA1F986184E69F500C4AC57 /* VLMPanelModels.m */; };
		BDB3BB8E1847226C00F59AE1 /* VLMCollectionViewLayoutAttributes.m in Sources */ = {isa = PBXBuildFile; fileRef = BDB3BB8D1847226C00F59AE1 /* VLMCollectionViewLayoutAttributes.m */; };
		BDB3BB921849B6C600F59AE1 /* VLMDataSource.m in Sources */ = {isa = PBXBuildFile; fileRef = BDB3BB911849B6C600F59AE1 /* VLMDataSource.m */; };
		BDB3BB96184D484200F59AE1 /* VLMNarrationCaption.m in Sources */ = {isa = PBXBuildFile; fileRef = BDB3BB95184D484200F59AE1 /* VLMNarrationCaption.m */; };
		BDB942531879D8E20010E350 /* VLMPaddedLabel.m in Sources */ = {isa = PBXBuildFile; fileRef = BDB942521879D8E20010E350 /* VLMPaddedLabel.m */; };
		BDD0AE03183D479900BF0CE6 /* VLMViewController.m in Sources */ = {isa = PBXBuildFile; fileRef = BDD0AE02183D479900BF0CE6 /* VLMViewController.m */; };
		BDD0AE08183D4A0200BF0CE6 /* VLMCollectionViewCell.m in Sources */ = {isa = PBXBuildFile; fileRef = BDD0AE07183D4A0200BF0CE6 /* VLMCollectionViewCell.m */; };
		BDD0AE0B183D51E800BF0CE6 /* VLMPanelModel.m in Sources */ = {isa = PBXBuildFile; fileRef = BDD0AE0A183D51E800BF0CE6 /* VLMPanelModel.m */; };
		BDD0AE12183EBFB100BF0CE6 /* VLMSinglePanelFlowLayout.m in Sources */ = {isa = PBXBuildFile; fileRef = BDD0AE11183EBFB100BF0CE6 /* VLMSinglePanelFlowLayout.m */; };
		BDD899C0183C4C39002E089C /* Foundation.framework in Frameworks */ = {isa = PBXBuildFile; fileRef = BDD899BF183C4C39002E089C /* Foundation.framework */; };
		BDD899C2183C4C39002E089C /* CoreGraphics.framework in Frameworks */ = {isa = PBXBuildFile; fileRef = BDD899C1183C4C39002E089C /* CoreGraphics.framework */; };
		BDD899C4183C4C39002E089C /* UIKit.framework in Frameworks */ = {isa = PBXBuildFile; fileRef = BDD899C3183C4C39002E089C /* UIKit.framework */; };
		BDD899CA183C4C39002E089C /* InfoPlist.strings in Resources */ = {isa = PBXBuildFile; fileRef = BDD899C8183C4C39002E089C /* InfoPlist.strings */; };
		BDD899CC183C4C39002E089C /* main.m in Sources */ = {isa = PBXBuildFile; fileRef = BDD899CB183C4C39002E089C /* main.m */; };
		BDD899D0183C4C39002E089C /* VLMAppDelegate.m in Sources */ = {isa = PBXBuildFile; fileRef = BDD899CF183C4C39002E089C /* VLMAppDelegate.m */; };
		BDD899D2183C4C39002E089C /* Images.xcassets in Resources */ = {isa = PBXBuildFile; fileRef = BDD899D1183C4C39002E089C /* Images.xcassets */; };
		C67DEC8A67C1421CA3419DFD /* libPods.a in Frameworks */ = {isa = PBXBuildFile; fileRef = 4987A15EBCA94D2E935D6AC9 /* libPods.a */; };
/* End PBXBuildFile section */

/* Begin PBXFileReference section */
		4987A15EBCA94D2E935D6AC9 /* libPods.a */ = {isa = PBXFileReference; explicitFileType = archive.ar; includeInIndex = 0; path = libPods.a; sourceTree = BUILT_PRODUCTS_DIR; };
		BD0213AF187BB63800E113DA /* VLMSpinner.h */ = {isa = PBXFileReference; fileEncoding = 4; lastKnownFileType = sourcecode.c.h; path = VLMSpinner.h; sourceTree = "<group>"; };
		BD0213B0187BB63800E113DA /* VLMSpinner.m */ = {isa = PBXFileReference; fileEncoding = 4; lastKnownFileType = sourcecode.c.objc; path = VLMSpinner.m; sourceTree = "<group>"; };
		BD1DCBA518A8304600DD81E6 /* MKAnnotationView+WebCache.h */ = {isa = PBXFileReference; fileEncoding = 4; lastKnownFileType = sourcecode.c.h; path = "MKAnnotationView+WebCache.h"; sourceTree = "<group>"; };
		BD1DCBA618A8304600DD81E6 /* MKAnnotationView+WebCache.m */ = {isa = PBXFileReference; fileEncoding = 4; lastKnownFileType = sourcecode.c.objc; path = "MKAnnotationView+WebCache.m"; sourceTree = "<group>"; };
		BD1DCBA718A8304600DD81E6 /* NSData+ImageContentType.h */ = {isa = PBXFileReference; fileEncoding = 4; lastKnownFileType = sourcecode.c.h; path = "NSData+ImageContentType.h"; sourceTree = "<group>"; };
		BD1DCBA818A8304600DD81E6 /* NSData+ImageContentType.m */ = {isa = PBXFileReference; fileEncoding = 4; lastKnownFileType = sourcecode.c.objc; path = "NSData+ImageContentType.m"; sourceTree = "<group>"; };
		BD1DCBA918A8304600DD81E6 /* SDImageCache.h */ = {isa = PBXFileReference; fileEncoding = 4; lastKnownFileType = sourcecode.c.h; path = SDImageCache.h; sourceTree = "<group>"; };
		BD1DCBAA18A8304600DD81E6 /* SDImageCache.m */ = {isa = PBXFileReference; fileEncoding = 4; lastKnownFileType = sourcecode.c.objc; path = SDImageCache.m; sourceTree = "<group>"; };
		BD1DCBAB18A8304600DD81E6 /* SDWebImageCompat.h */ = {isa = PBXFileReference; fileEncoding = 4; lastKnownFileType = sourcecode.c.h; path = SDWebImageCompat.h; sourceTree = "<group>"; };
		BD1DCBAC18A8304600DD81E6 /* SDWebImageCompat.m */ = {isa = PBXFileReference; fileEncoding = 4; lastKnownFileType = sourcecode.c.objc; path = SDWebImageCompat.m; sourceTree = "<group>"; };
		BD1DCBAD18A8304600DD81E6 /* SDWebImageDecoder.h */ = {isa = PBXFileReference; fileEncoding = 4; lastKnownFileType = sourcecode.c.h; path = SDWebImageDecoder.h; sourceTree = "<group>"; };
		BD1DCBAE18A8304600DD81E6 /* SDWebImageDecoder.m */ = {isa = PBXFileReference; fileEncoding = 4; lastKnownFileType = sourcecode.c.objc; path = SDWebImageDecoder.m; sourceTree = "<group>"; };
		BD1DCBAF18A8304600DD81E6 /* SDWebImageDownloader.h */ = {isa = PBXFileReference; fileEncoding = 4; lastKnownFileType = sourcecode.c.h; path = SDWebImageDownloader.h; sourceTree = "<group>"; };
		BD1DCBB018A8304600DD81E6 /* SDWebImageDownloader.m */ = {isa = PBXFileReference; fileEncoding = 4; lastKnownFileType = sourcecode.c.objc; path = SDWebImageDownloader.m; sourceTree = "<group>"; };
		BD1DCBB118A8304600DD81E6 /* SDWebImageDownloaderOperation.h */ = {isa = PBXFileReference; fileEncoding = 4; lastKnownFileType = sourcecode.c.h; path = SDWebImageDownloaderOperation.h; sourceTree = "<group>"; };
		BD1DCBB218A8304600DD81E6 /* SDWebImageDownloaderOperation.m */ = {isa = PBXFileReference; fileEncoding = 4; lastKnownFileType = sourcecode.c.objc; path = SDWebImageDownloaderOperation.m; sourceTree = "<group>"; };
		BD1DCBB318A8304600DD81E6 /* SDWebImageManager.h */ = {isa = PBXFileReference; fileEncoding = 4; lastKnownFileType = sourcecode.c.h; path = SDWebImageManager.h; sourceTree = "<group>"; };
		BD1DCBB418A8304600DD81E6 /* SDWebImageManager.m */ = {isa = PBXFileReference; fileEncoding = 4; lastKnownFileType = sourcecode.c.objc; path = SDWebImageManager.m; sourceTree = "<group>"; };
		BD1DCBB518A8304600DD81E6 /* SDWebImageOperation.h */ = {isa = PBXFileReference; fileEncoding = 4; lastKnownFileType = sourcecode.c.h; path = SDWebImageOperation.h; sourceTree = "<group>"; };
		BD1DCBB618A8304600DD81E6 /* SDWebImagePrefetcher.h */ = {isa = PBXFileReference; fileEncoding = 4; lastKnownFileType = sourcecode.c.h; path = SDWebImagePrefetcher.h; sourceTree = "<group>"; };
		BD1DCBB718A8304600DD81E6 /* SDWebImagePrefetcher.m */ = {isa = PBXFileReference; fileEncoding = 4; lastKnownFileType = sourcecode.c.objc; path = SDWebImagePrefetcher.m; sourceTree = "<group>"; };
		BD1DCBB818A8304600DD81E6 /* UIButton+WebCache.h */ = {isa = PBXFileReference; fileEncoding = 4; lastKnownFileType = sourcecode.c.h; path = "UIButton+WebCache.h"; sourceTree = "<group>"; };
		BD1DCBB918A8304600DD81E6 /* UIButton+WebCache.m */ = {isa = PBXFileReference; fileEncoding = 4; lastKnownFileType = sourcecode.c.objc; path = "UIButton+WebCache.m"; sourceTree = "<group>"; };
		BD1DCBBA18A8304600DD81E6 /* UIImage+GIF.h */ = {isa = PBXFileReference; fileEncoding = 4; lastKnownFileType = sourcecode.c.h; path = "UIImage+GIF.h"; sourceTree = "<group>"; };
		BD1DCBBB18A8304600DD81E6 /* UIImage+GIF.m */ = {isa = PBXFileReference; fileEncoding = 4; lastKnownFileType = sourcecode.c.objc; path = "UIImage+GIF.m"; sourceTree = "<group>"; };
		BD1DCBBC18A8304600DD81E6 /* UIImage+MultiFormat.h */ = {isa = PBXFileReference; fileEncoding = 4; lastKnownFileType = sourcecode.c.h; path = "UIImage+MultiFormat.h"; sourceTree = "<group>"; };
		BD1DCBBD18A8304600DD81E6 /* UIImage+MultiFormat.m */ = {isa = PBXFileReference; fileEncoding = 4; lastKnownFileType = sourcecode.c.objc; path = "UIImage+MultiFormat.m"; sourceTree = "<group>"; };
		BD1DCBBE18A8304600DD81E6 /* UIImage+WebP.h */ = {isa = PBXFileReference; fileEncoding = 4; lastKnownFileType = sourcecode.c.h; path = "UIImage+WebP.h"; sourceTree = "<group>"; };
		BD1DCBBF18A8304600DD81E6 /* UIImage+WebP.m */ = {isa = PBXFileReference; fileEncoding = 4; lastKnownFileType = sourcecode.c.objc; path = "UIImage+WebP.m"; sourceTree = "<group>"; };
		BD1DCBC018A8304600DD81E6 /* UIImageView+WebCache.h */ = {isa = PBXFileReference; fileEncoding = 4; lastKnownFileType = sourcecode.c.h; path = "UIImageView+WebCache.h"; sourceTree = "<group>"; };
		BD1DCBC118A8304600DD81E6 /* UIImageView+WebCache.m */ = {isa = PBXFileReference; fileEncoding = 4; lastKnownFileType = sourcecode.c.objc; path = "UIImageView+WebCache.m"; sourceTree = "<group>"; };
		BD3451C0186623B800D6B6A4 /* VLMConstants.h */ = {isa = PBXFileReference; fileEncoding = 4; lastKnownFileType = sourcecode.c.h; path = VLMConstants.h; sourceTree = "<group>"; };
		BD47DFD7185A71150048925D /* VLMParser.h */ = {isa = PBXFileReference; fileEncoding = 4; lastKnownFileType = sourcecode.c.h; path = VLMParser.h; sourceTree = "<group>"; };
		BD47DFD8185A71150048925D /* VLMParser.m */ = {isa = PBXFileReference; fileEncoding = 4; lastKnownFileType = sourcecode.c.objc; path = VLMParser.m; sourceTree = "<group>"; };
		BD4F5C47187D0C9400BAD2AB /* Draftsman.ttf */ = {isa = PBXFileReference; lastKnownFileType = file; name = Draftsman.ttf; path = ABCD/Draftsman.ttf; sourceTree = "<group>"; };
		BD4F5C48187D0C9400BAD2AB /* ARCHITEC.TTF */ = {isa = PBXFileReference; lastKnownFileType = file; name = ARCHITEC.TTF; path = ABCD/ARCHITEC.TTF; sourceTree = "<group>"; };
		BD4F5C4B187D488C00BAD2AB /* VLMAnimButton.h */ = {isa = PBXFileReference; fileEncoding = 4; lastKnownFileType = sourcecode.c.h; path = VLMAnimButton.h; sourceTree = "<group>"; };
		BD4F5C4C187D488C00BAD2AB /* VLMAnimButton.m */ = {isa = PBXFileReference; fileEncoding = 4; lastKnownFileType = sourcecode.c.objc; path = VLMAnimButton.m; sourceTree = "<group>"; };
		BD4F5C51187F38D300BAD2AB /* VLMWireframeCell.h */ = {isa = PBXFileReference; fileEncoding = 4; lastKnownFileType = sourcecode.c.h; path = VLMWireframeCell.h; sourceTree = "<group>"; };
		BD4F5C52187F38D300BAD2AB /* VLMWireframeCell.m */ = {isa = PBXFileReference; fileEncoding = 4; lastKnownFileType = sourcecode.c.objc; path = VLMWireframeCell.m; sourceTree = "<group>"; };
		BD4F5C55187F391B00BAD2AB /* VLMStaticImageCell.h */ = {isa = PBXFileReference; fileEncoding = 4; lastKnownFileType = sourcecode.c.h; path = VLMStaticImageCell.h; sourceTree = "<group>"; };
		BD4F5C56187F391B00BAD2AB /* VLMStaticImageCell.m */ = {isa = PBXFileReference; fileEncoding = 4; lastKnownFileType = sourcecode.c.objc; path = VLMStaticImageCell.m; sourceTree = "<group>"; };
		BD6B134418A0E8D8004E4FC3 /* UIScrollView+BDDRScrollViewAdditions.h */ = {isa = PBXFileReference; fileEncoding = 4; lastKnownFileType = sourcecode.c.h; path = "UIScrollView+BDDRScrollViewAdditions.h"; sourceTree = "<group>"; };
		BD6B134518A0E8D8004E4FC3 /* UIScrollView+BDDRScrollViewAdditions.m */ = {isa = PBXFileReference; fileEncoding = 4; lastKnownFileType = sourcecode.c.objc; path = "UIScrollView+BDDRScrollViewAdditions.m"; sourceTree = "<group>"; };
		BD6B134718A0E96E004E4FC3 /* BDDROneFingerZoomGestureRecognizer.h */ = {isa = PBXFileReference; fileEncoding = 4; lastKnownFileType = sourcecode.c.h; path = BDDROneFingerZoomGestureRecognizer.h; sourceTree = "<group>"; };
		BD6B134818A0E96E004E4FC3 /* BDDROneFingerZoomGestureRecognizer.m */ = {isa = PBXFileReference; fileEncoding = 4; lastKnownFileType = sourcecode.c.objc; path = BDDROneFingerZoomGestureRecognizer.m; sourceTree = "<group>"; };
		BD6B134918A0E96E004E4FC3 /* JRSwizzle.h */ = {isa = PBXFileReference; fileEncoding = 4; lastKnownFileType = sourcecode.c.h; path = JRSwizzle.h; sourceTree = "<group>"; };
		BD6B134A18A0E96E004E4FC3 /* JRSwizzle.m */ = {isa = PBXFileReference; fileEncoding = 4; lastKnownFileType = sourcecode.c.objc; path = JRSwizzle.m; sourceTree = "<group>"; };
		BD7C1BF118A6CC9000565F20 /* UIImage+Resize.h */ = {isa = PBXFileReference; fileEncoding = 4; lastKnownFileType = sourcecode.c.h; path = "UIImage+Resize.h"; sourceTree = "<group>"; };
		BD7C1BF218A6CC9000565F20 /* UIImage+Resize.m */ = {isa = PBXFileReference; fileEncoding = 4; lastKnownFileType = sourcecode.c.objc; path = "UIImage+Resize.m"; sourceTree = "<group>"; };
		BD7C1BF418A6CCF100565F20 /* UIImage+Alpha.h */ = {isa = PBXFileReference; fileEncoding = 4; lastKnownFileType = sourcecode.c.h; path = "UIImage+Alpha.h"; sourceTree = "<group>"; };
		BD7C1BF518A6CCF100565F20 /* UIImage+Alpha.m */ = {isa = PBXFileReference; fileEncoding = 4; lastKnownFileType = sourcecode.c.objc; path = "UIImage+Alpha.m"; sourceTree = "<group>"; };
		BD7C1BF618A6CCF100565F20 /* UIImage+RoundedCorner.h */ = {isa = PBXFileReference; fileEncoding = 4; lastKnownFileType = sourcecode.c.h; path = "UIImage+RoundedCorner.h"; sourceTree = "<group>"; };
		BD7C1BF718A6CCF100565F20 /* UIImage+RoundedCorner.m */ = {isa = PBXFileReference; fileEncoding = 4; lastKnownFileType = sourcecode.c.objc; path = "UIImage+RoundedCorner.m"; sourceTree = "<group>"; };
		BD7C1BFA18A6E3D800565F20 /* VLMCachableImageView.h */ = {isa = PBXFileReference; fileEncoding = 4; lastKnownFileType = sourcecode.c.h; path = VLMCachableImageView.h; sourceTree = "<group>"; };
		BD7C1BFB18A6E3D800565F20 /* VLMCachableImageView.m */ = {isa = PBXFileReference; fileEncoding = 4; lastKnownFileType = sourcecode.c.objc; path = VLMCachableImageView.m; sourceTree = "<group>"; };
		BD7C1BFD18A6F53100565F20 /* NSCache+Fix.h */ = {isa = PBXFileReference; fileEncoding = 4; lastKnownFileType = sourcecode.c.h; path = "NSCache+Fix.h"; sourceTree = "<group>"; };
		BD7C1BFE18A6F53100565F20 /* NSCache+Fix.m */ = {isa = PBXFileReference; fileEncoding = 4; lastKnownFileType = sourcecode.c.objc; path = "NSCache+Fix.m"; sourceTree = "<group>"; };
		BD8C6E00185969ED005FA217 /* data.json */ = {isa = PBXFileReference; fileEncoding = 4; lastKnownFileType = text.json; path = data.json; sourceTree = "<group>"; };
		BD8FD83718401B9700C8B9C6 /* VLMCollectionViewCellWithChoices.h */ = {isa = PBXFileReference; fileEncoding = 4; lastKnownFileType = sourcecode.c.h; path = VLMCollectionViewCellWithChoices.h; sourceTree = "<group>"; };
		BD8FD83818401B9700C8B9C6 /* VLMCollectionViewCellWithChoices.m */ = {isa = PBXFileReference; fileEncoding = 4; lastKnownFileType = sourcecode.c.objc; path = VLMCollectionViewCellWithChoices.m; sourceTree = "<group>"; };
		BD8FD83A18402F5D00C8B9C6 /* VLMCaptureView.h */ = {isa = PBXFileReference; fileEncoding = 4; lastKnownFileType = sourcecode.c.h; path = VLMCaptureView.h; sourceTree = "<group>"; };
		BD8FD83B18402F5D00C8B9C6 /* VLMCaptureView.m */ = {isa = PBXFileReference; fileEncoding = 4; lastKnownFileType = sourcecode.c.objc; path = VLMCaptureView.m; sourceTree = "<group>"; };
		BD8FD83D1840877C00C8B9C6 /* VLMGradient.h */ = {isa = PBXFileReference; fileEncoding = 4; lastKnownFileType = sourcecode.c.h; path = VLMGradient.h; sourceTree = "<group>"; };
		BD8FD83E1840877C00C8B9C6 /* VLMGradient.m */ = {isa = PBXFileReference; fileEncoding = 4; lastKnownFileType = sourcecode.c.objc; path = VLMGradient.m; sourceTree = "<group>"; };
		BD9139DC18A5DA6C0081E37C /* Images */ = {isa = PBXFileReference; lastKnownFileType = folder; path = Images; sourceTree = "<group>"; };
		BD9139DF18A5F2940081E37C /* VLMApplicationData.h */ = {isa = PBXFileReference; fileEncoding = 4; lastKnownFileType = sourcecode.c.h; path = VLMApplicationData.h; sourceTree = "<group>"; };
		BD9139E018A5F2940081E37C /* VLMApplicationData.m */ = {isa = PBXFileReference; fileEncoding = 4; lastKnownFileType = sourcecode.c.objc; path = VLMApplicationData.m; sourceTree = "<group>"; };
		BD9B2BA718A0BF9B00756943 /* VLMZoomableImageView.h */ = {isa = PBXFileReference; fileEncoding = 4; lastKnownFileType = sourcecode.c.h; path = VLMZoomableImageView.h; sourceTree = "<group>"; };
		BD9B2BA818A0BF9B00756943 /* VLMZoomableImageView.m */ = {isa = PBXFileReference; fileEncoding = 4; lastKnownFileType = sourcecode.c.objc; path = VLMZoomableImageView.m; sourceTree = "<group>"; };
		BDA1F985184E69F500C4AC57 /* VLMPanelModels.h */ = {isa = PBXFileReference; fileEncoding = 4; lastKnownFileType = sourcecode.c.h; path = VLMPanelModels.h; sourceTree = "<group>"; };
		BDA1F986184E69F500C4AC57 /* VLMPanelModels.m */ = {isa = PBXFileReference; fileEncoding = 4; lastKnownFileType = sourcecode.c.objc; path = VLMPanelModels.m; sourceTree = "<group>"; };
		BDB3BB8C1847226C00F59AE1 /* VLMCollectionViewLayoutAttributes.h */ = {isa = PBXFileReference; fileEncoding = 4; lastKnownFileType = sourcecode.c.h; path = VLMCollectionViewLayoutAttributes.h; sourceTree = "<group>"; };
		BDB3BB8D1847226C00F59AE1 /* VLMCollectionViewLayoutAttributes.m */ = {isa = PBXFileReference; fileEncoding = 4; lastKnownFileType = sourcecode.c.objc; path = VLMCollectionViewLayoutAttributes.m; sourceTree = "<group>"; };
		BDB3BB901849B6C600F59AE1 /* VLMDataSource.h */ = {isa = PBXFileReference; fileEncoding = 4; lastKnownFileType = sourcecode.c.h; path = VLMDataSource.h; sourceTree = "<group>"; };
		BDB3BB911849B6C600F59AE1 /* VLMDataSource.m */ = {isa = PBXFileReference; fileEncoding = 4; lastKnownFileType = sourcecode.c.objc; path = VLMDataSource.m; sourceTree = "<group>"; };
		BDB3BB94184D484200F59AE1 /* VLMNarrationCaption.h */ = {isa = PBXFileReference; fileEncoding = 4; lastKnownFileType = sourcecode.c.h; path = VLMNarrationCaption.h; sourceTree = "<group>"; };
		BDB3BB95184D484200F59AE1 /* VLMNarrationCaption.m */ = {isa = PBXFileReference; fileEncoding = 4; lastKnownFileType = sourcecode.c.objc; path = VLMNarrationCaption.m; sourceTree = "<group>"; };
		BDB942511879D8E20010E350 /* VLMPaddedLabel.h */ = {isa = PBXFileReference; fileEncoding = 4; lastKnownFileType = sourcecode.c.h; path = VLMPaddedLabel.h; sourceTree = "<group>"; };
		BDB942521879D8E20010E350 /* VLMPaddedLabel.m */ = {isa = PBXFileReference; fileEncoding = 4; lastKnownFileType = sourcecode.c.objc; path = VLMPaddedLabel.m; sourceTree = "<group>"; };
		BDD0AE01183D479900BF0CE6 /* VLMViewController.h */ = {isa = PBXFileReference; fileEncoding = 4; lastKnownFileType = sourcecode.c.h; path = VLMViewController.h; sourceTree = "<group>"; };
		BDD0AE02183D479900BF0CE6 /* VLMViewController.m */ = {isa = PBXFileReference; fileEncoding = 4; lastKnownFileType = sourcecode.c.objc; path = VLMViewController.m; sourceTree = "<group>"; };
		BDD0AE06183D4A0200BF0CE6 /* VLMCollectionViewCell.h */ = {isa = PBXFileReference; fileEncoding = 4; lastKnownFileType = sourcecode.c.h; path = VLMCollectionViewCell.h; sourceTree = "<group>"; };
		BDD0AE07183D4A0200BF0CE6 /* VLMCollectionViewCell.m */ = {isa = PBXFileReference; fileEncoding = 4; lastKnownFileType = sourcecode.c.objc; path = VLMCollectionViewCell.m; sourceTree = "<group>"; };
		BDD0AE09183D51E800BF0CE6 /* VLMPanelModel.h */ = {isa = PBXFileReference; fileEncoding = 4; lastKnownFileType = sourcecode.c.h; path = VLMPanelModel.h; sourceTree = "<group>"; };
		BDD0AE0A183D51E800BF0CE6 /* VLMPanelModel.m */ = {isa = PBXFileReference; fileEncoding = 4; lastKnownFileType = sourcecode.c.objc; path = VLMPanelModel.m; sourceTree = "<group>"; };
		BDD0AE10183EBFB100BF0CE6 /* VLMSinglePanelFlowLayout.h */ = {isa = PBXFileReference; fileEncoding = 4; lastKnownFileType = sourcecode.c.h; path = VLMSinglePanelFlowLayout.h; sourceTree = "<group>"; };
		BDD0AE11183EBFB100BF0CE6 /* VLMSinglePanelFlowLayout.m */ = {isa = PBXFileReference; fileEncoding = 4; lastKnownFileType = sourcecode.c.objc; path = VLMSinglePanelFlowLayout.m; sourceTree = "<group>"; };
		BDD899BC183C4C39002E089C /* Cartoonist.app */ = {isa = PBXFileReference; explicitFileType = wrapper.application; includeInIndex = 0; path = Cartoonist.app; sourceTree = BUILT_PRODUCTS_DIR; };
		BDD899BF183C4C39002E089C /* Foundation.framework */ = {isa = PBXFileReference; lastKnownFileType = wrapper.framework; name = Foundation.framework; path = System/Library/Frameworks/Foundation.framework; sourceTree = SDKROOT; };
		BDD899C1183C4C39002E089C /* CoreGraphics.framework */ = {isa = PBXFileReference; lastKnownFileType = wrapper.framework; name = CoreGraphics.framework; path = System/Library/Frameworks/CoreGraphics.framework; sourceTree = SDKROOT; };
		BDD899C3183C4C39002E089C /* UIKit.framework */ = {isa = PBXFileReference; lastKnownFileType = wrapper.framework; name = UIKit.framework; path = System/Library/Frameworks/UIKit.framework; sourceTree = SDKROOT; };
		BDD899C9183C4C39002E089C /* en */ = {isa = PBXFileReference; lastKnownFileType = text.plist.strings; name = en; path = en.lproj/InfoPlist.strings; sourceTree = "<group>"; };
		BDD899CB183C4C39002E089C /* main.m */ = {isa = PBXFileReference; lastKnownFileType = sourcecode.c.objc; path = main.m; sourceTree = "<group>"; };
		BDD899CD183C4C39002E089C /* Cartoonist-Prefix.pch */ = {isa = PBXFileReference; lastKnownFileType = sourcecode.c.h; path = "Cartoonist-Prefix.pch"; sourceTree = "<group>"; };
		BDD899CE183C4C39002E089C /* VLMAppDelegate.h */ = {isa = PBXFileReference; lastKnownFileType = sourcecode.c.h; path = VLMAppDelegate.h; sourceTree = "<group>"; };
		BDD899CF183C4C39002E089C /* VLMAppDelegate.m */ = {isa = PBXFileReference; lastKnownFileType = sourcecode.c.objc; path = VLMAppDelegate.m; sourceTree = "<group>"; };
		BDD899D1183C4C39002E089C /* Images.xcassets */ = {isa = PBXFileReference; lastKnownFileType = folder.assetcatalog; path = Images.xcassets; sourceTree = "<group>"; };
		BDD899D8183C4C39002E089C /* XCTest.framework */ = {isa = PBXFileReference; lastKnownFileType = wrapper.framework; name = XCTest.framework; path = Library/Frameworks/XCTest.framework; sourceTree = DEVELOPER_DIR; };
		BDFFD876184005D400B1A024 /* Cartoonist-Info.plist */ = {isa = PBXFileReference; fileEncoding = 4; lastKnownFileType = text.plist.xml; path = "Cartoonist-Info.plist"; sourceTree = "<group>"; };
		D42BBAE8274241A9B97AD6EE /* Pods.xcconfig */ = {isa = PBXFileReference; includeInIndex = 1; lastKnownFileType = text.xcconfig; name = Pods.xcconfig; path = Pods/Pods.xcconfig; sourceTree = SOURCE_ROOT; };
/* End PBXFileReference section */

/* Begin PBXFrameworksBuildPhase section */
		BDD899B9183C4C39002E089C /* Frameworks */ = {
			isa = PBXFrameworksBuildPhase;
			buildActionMask = 2147483647;
			files = (
				BDD899C2183C4C39002E089C /* CoreGraphics.framework in Frameworks */,
				BDD899C4183C4C39002E089C /* UIKit.framework in Frameworks */,
				BDD899C0183C4C39002E089C /* Foundation.framework in Frameworks */,
				C67DEC8A67C1421CA3419DFD /* libPods.a in Frameworks */,
			);
			runOnlyForDeploymentPostprocessing = 0;
		};
/* End PBXFrameworksBuildPhase section */

/* Begin PBXGroup section */
		BD1DCBA418A8304600DD81E6 /* SDWebImage */ = {
			isa = PBXGroup;
			children = (
				BD1DCBA518A8304600DD81E6 /* MKAnnotationView+WebCache.h */,
				BD1DCBA618A8304600DD81E6 /* MKAnnotationView+WebCache.m */,
				BD1DCBA718A8304600DD81E6 /* NSData+ImageContentType.h */,
				BD1DCBA818A8304600DD81E6 /* NSData+ImageContentType.m */,
				BD1DCBA918A8304600DD81E6 /* SDImageCache.h */,
				BD1DCBAA18A8304600DD81E6 /* SDImageCache.m */,
				BD1DCBAB18A8304600DD81E6 /* SDWebImageCompat.h */,
				BD1DCBAC18A8304600DD81E6 /* SDWebImageCompat.m */,
				BD1DCBAD18A8304600DD81E6 /* SDWebImageDecoder.h */,
				BD1DCBAE18A8304600DD81E6 /* SDWebImageDecoder.m */,
				BD1DCBAF18A8304600DD81E6 /* SDWebImageDownloader.h */,
				BD1DCBB018A8304600DD81E6 /* SDWebImageDownloader.m */,
				BD1DCBB118A8304600DD81E6 /* SDWebImageDownloaderOperation.h */,
				BD1DCBB218A8304600DD81E6 /* SDWebImageDownloaderOperation.m */,
				BD1DCBB318A8304600DD81E6 /* SDWebImageManager.h */,
				BD1DCBB418A8304600DD81E6 /* SDWebImageManager.m */,
				BD1DCBB518A8304600DD81E6 /* SDWebImageOperation.h */,
				BD1DCBB618A8304600DD81E6 /* SDWebImagePrefetcher.h */,
				BD1DCBB718A8304600DD81E6 /* SDWebImagePrefetcher.m */,
				BD1DCBB818A8304600DD81E6 /* UIButton+WebCache.h */,
				BD1DCBB918A8304600DD81E6 /* UIButton+WebCache.m */,
				BD1DCBBA18A8304600DD81E6 /* UIImage+GIF.h */,
				BD1DCBBB18A8304600DD81E6 /* UIImage+GIF.m */,
				BD1DCBBC18A8304600DD81E6 /* UIImage+MultiFormat.h */,
				BD1DCBBD18A8304600DD81E6 /* UIImage+MultiFormat.m */,
				BD1DCBBE18A8304600DD81E6 /* UIImage+WebP.h */,
				BD1DCBBF18A8304600DD81E6 /* UIImage+WebP.m */,
				BD1DCBC018A8304600DD81E6 /* UIImageView+WebCache.h */,
				BD1DCBC118A8304600DD81E6 /* UIImageView+WebCache.m */,
			);
			path = SDWebImage;
			sourceTree = "<group>";
		};
		BD4F5C42187D0BE900BAD2AB /* Fonts */ = {
			isa = PBXGroup;
			children = (
				BD4F5C47187D0C9400BAD2AB /* Draftsman.ttf */,
				BD4F5C48187D0C9400BAD2AB /* ARCHITEC.TTF */,
			);
			name = Fonts;
			sourceTree = "<group>";
		};
		BD4F5C54187F38DD00BAD2AB /* CollectionViewCells */ = {
			isa = PBXGroup;
			children = (
				BD8FD83718401B9700C8B9C6 /* VLMCollectionViewCellWithChoices.h */,
				BD8FD83818401B9700C8B9C6 /* VLMCollectionViewCellWithChoices.m */,
				BDD0AE06183D4A0200BF0CE6 /* VLMCollectionViewCell.h */,
				BDD0AE07183D4A0200BF0CE6 /* VLMCollectionViewCell.m */,
				BD4F5C51187F38D300BAD2AB /* VLMWireframeCell.h */,
				BD4F5C52187F38D300BAD2AB /* VLMWireframeCell.m */,
				BD4F5C55187F391B00BAD2AB /* VLMStaticImageCell.h */,
				BD4F5C56187F391B00BAD2AB /* VLMStaticImageCell.m */,
			);
			name = CollectionViewCells;
			sourceTree = "<group>";
		};
		BD7C1C0018A6FA3600565F20 /* Categories */ = {
			isa = PBXGroup;
			children = (
				BD7C1BFD18A6F53100565F20 /* NSCache+Fix.h */,
				BD7C1BFE18A6F53100565F20 /* NSCache+Fix.m */,
				BD7C1BF418A6CCF100565F20 /* UIImage+Alpha.h */,
				BD7C1BF518A6CCF100565F20 /* UIImage+Alpha.m */,
				BD7C1BF618A6CCF100565F20 /* UIImage+RoundedCorner.h */,
				BD7C1BF718A6CCF100565F20 /* UIImage+RoundedCorner.m */,
				BD7C1BF118A6CC9000565F20 /* UIImage+Resize.h */,
				BD7C1BF218A6CC9000565F20 /* UIImage+Resize.m */,
			);
			name = Categories;
			sourceTree = "<group>";
		};
		BD7C1C0118A6FA4100565F20 /* BDDRScrollView */ = {
			isa = PBXGroup;
			children = (
				BD6B134418A0E8D8004E4FC3 /* UIScrollView+BDDRScrollViewAdditions.h */,
				BD6B134518A0E8D8004E4FC3 /* UIScrollView+BDDRScrollViewAdditions.m */,
				BD6B134718A0E96E004E4FC3 /* BDDROneFingerZoomGestureRecognizer.h */,
				BD6B134818A0E96E004E4FC3 /* BDDROneFingerZoomGestureRecognizer.m */,
				BD6B134918A0E96E004E4FC3 /* JRSwizzle.h */,
				BD6B134A18A0E96E004E4FC3 /* JRSwizzle.m */,
			);
			name = BDDRScrollView;
			sourceTree = "<group>";
		};
		BD7C1C0218A6FA7100565F20 /* Utilities */ = {
			isa = PBXGroup;
			children = (
				BD9139DF18A5F2940081E37C /* VLMApplicationData.h */,
				BD9139E018A5F2940081E37C /* VLMApplicationData.m */,
				BD7C1BFA18A6E3D800565F20 /* VLMCachableImageView.h */,
				BD7C1BFB18A6E3D800565F20 /* VLMCachableImageView.m */,
			);
			name = Utilities;
			sourceTree = "<group>";
		};
		BD8C6E02185969F4005FA217 /* Data */ = {
			isa = PBXGroup;
			children = (
				BD8C6E00185969ED005FA217 /* data.json */,
			);
			name = Data;
			path = ABCD;
			sourceTree = "<group>";
		};
		BDB3BB93184A62D300F59AE1 /* Data Source */ = {
			isa = PBXGroup;
			children = (
				BDB3BB901849B6C600F59AE1 /* VLMDataSource.h */,
				BDB3BB911849B6C600F59AE1 /* VLMDataSource.m */,
				BD47DFD7185A71150048925D /* VLMParser.h */,
				BD47DFD8185A71150048925D /* VLMParser.m */,
			);
			name = "Data Source";
			sourceTree = "<group>";
		};
		BDD0AE00183D437700BF0CE6 /* Controller */ = {
			isa = PBXGroup;
			children = (
				BDD0AE01183D479900BF0CE6 /* VLMViewController.h */,
				BDD0AE02183D479900BF0CE6 /* VLMViewController.m */,
			);
			name = Controller;
			sourceTree = "<group>";
		};
		BDD0AE04183D490500BF0CE6 /* View */ = {
			isa = PBXGroup;
			children = (
				BD4F5C54187F38DD00BAD2AB /* CollectionViewCells */,
				BD8FD83A18402F5D00C8B9C6 /* VLMCaptureView.h */,
				BD8FD83B18402F5D00C8B9C6 /* VLMCaptureView.m */,
				BD8FD83D1840877C00C8B9C6 /* VLMGradient.h */,
				BD8FD83E1840877C00C8B9C6 /* VLMGradient.m */,
				BDB3BB94184D484200F59AE1 /* VLMNarrationCaption.h */,
				BDB3BB95184D484200F59AE1 /* VLMNarrationCaption.m */,
				BDB942511879D8E20010E350 /* VLMPaddedLabel.h */,
				BDB942521879D8E20010E350 /* VLMPaddedLabel.m */,
				BD0213AF187BB63800E113DA /* VLMSpinner.h */,
				BD0213B0187BB63800E113DA /* VLMSpinner.m */,
				BD4F5C4B187D488C00BAD2AB /* VLMAnimButton.h */,
				BD4F5C4C187D488C00BAD2AB /* VLMAnimButton.m */,
				BD9B2BA718A0BF9B00756943 /* VLMZoomableImageView.h */,
				BD9B2BA818A0BF9B00756943 /* VLMZoomableImageView.m */,
			);
			name = View;
			sourceTree = "<group>";
		};
		BDD0AE05183D491900BF0CE6 /* Model */ = {
			isa = PBXGroup;
			children = (
				BDD0AE09183D51E800BF0CE6 /* VLMPanelModel.h */,
				BDD0AE0A183D51E800BF0CE6 /* VLMPanelModel.m */,
				BDA1F985184E69F500C4AC57 /* VLMPanelModels.h */,
				BDA1F986184E69F500C4AC57 /* VLMPanelModels.m */,
			);
			name = Model;
			sourceTree = "<group>";
		};
		BDD0AE0F183EBF4200BF0CE6 /* Layout */ = {
			isa = PBXGroup;
			children = (
				BDD0AE10183EBFB100BF0CE6 /* VLMSinglePanelFlowLayout.h */,
				BDD0AE11183EBFB100BF0CE6 /* VLMSinglePanelFlowLayout.m */,
				BDB3BB8C1847226C00F59AE1 /* VLMCollectionViewLayoutAttributes.h */,
				BDB3BB8D1847226C00F59AE1 /* VLMCollectionViewLayoutAttributes.m */,
			);
			name = Layout;
			sourceTree = "<group>";
		};
		BDD899B3183C4C39002E089C = {
			isa = PBXGroup;
			children = (
				BD1DCBA418A8304600DD81E6 /* SDWebImage */,
				BD7C1C0118A6FA4100565F20 /* BDDRScrollView */,
				BD7C1C0018A6FA3600565F20 /* Categories */,
				BD9139DC18A5DA6C0081E37C /* Images */,
				BD4F5C42187D0BE900BAD2AB /* Fonts */,
				BD8C6E02185969F4005FA217 /* Data */,
				BDD899C5183C4C39002E089C /* Cartoonist */,
				BDD899BE183C4C39002E089C /* Frameworks */,
				BDD899BD183C4C39002E089C /* Products */,
				D42BBAE8274241A9B97AD6EE /* Pods.xcconfig */,
			);
			sourceTree = "<group>";
		};
		BDD899BD183C4C39002E089C /* Products */ = {
			isa = PBXGroup;
			children = (
				BDD899BC183C4C39002E089C /* Cartoonist.app */,
			);
			name = Products;
			sourceTree = "<group>";
		};
		BDD899BE183C4C39002E089C /* Frameworks */ = {
			isa = PBXGroup;
			children = (
				BDD899BF183C4C39002E089C /* Foundation.framework */,
				BDD899C1183C4C39002E089C /* CoreGraphics.framework */,
				BDD899C3183C4C39002E089C /* UIKit.framework */,
				BDD899D8183C4C39002E089C /* XCTest.framework */,
				4987A15EBCA94D2E935D6AC9 /* libPods.a */,
			);
			name = Frameworks;
			sourceTree = "<group>";
		};
		BDD899C5183C4C39002E089C /* Cartoonist */ = {
			isa = PBXGroup;
			children = (
				BD3451C0186623B800D6B6A4 /* VLMConstants.h */,
				BDD899CE183C4C39002E089C /* VLMAppDelegate.h */,
				BDD899CF183C4C39002E089C /* VLMAppDelegate.m */,
				BD7C1C0218A6FA7100565F20 /* Utilities */,
				BDB3BB93184A62D300F59AE1 /* Data Source */,
				BDD0AE05183D491900BF0CE6 /* Model */,
				BDD0AE00183D437700BF0CE6 /* Controller */,
				BDD0AE0F183EBF4200BF0CE6 /* Layout */,
				BDD0AE04183D490500BF0CE6 /* View */,
				BDD899D1183C4C39002E089C /* Images.xcassets */,
				BDD899C6183C4C39002E089C /* Supporting Files */,
			);
			name = Cartoonist;
			path = ABCD;
			sourceTree = "<group>";
		};
		BDD899C6183C4C39002E089C /* Supporting Files */ = {
			isa = PBXGroup;
			children = (
				BDFFD876184005D400B1A024 /* Cartoonist-Info.plist */,
				BDD899C8183C4C39002E089C /* InfoPlist.strings */,
				BDD899CB183C4C39002E089C /* main.m */,
				BDD899CD183C4C39002E089C /* Cartoonist-Prefix.pch */,
			);
			name = "Supporting Files";
			sourceTree = "<group>";
		};
/* End PBXGroup section */

/* Begin PBXNativeTarget section */
		BDD899BB183C4C39002E089C /* Cartoonist */ = {
			isa = PBXNativeTarget;
			buildConfigurationList = BDD899E8183C4C39002E089C /* Build configuration list for PBXNativeTarget "Cartoonist" */;
			buildPhases = (
				D88D2424B9224F0BACB1B995 /* Check Pods Manifest.lock */,
				BDD899B8183C4C39002E089C /* Sources */,
				BDD899B9183C4C39002E089C /* Frameworks */,
				BDD899BA183C4C39002E089C /* Resources */,
				1FC92367879F4410AE9CC1F9 /* Copy Pods Resources */,
			);
			buildRules = (
			);
			dependencies = (
			);
			name = Cartoonist;
			productName = ABCD;
			productReference = BDD899BC183C4C39002E089C /* Cartoonist.app */;
			productType = "com.apple.product-type.application";
		};
/* End PBXNativeTarget section */

/* Begin PBXProject section */
		BDD899B4183C4C39002E089C /* Project object */ = {
			isa = PBXProject;
			attributes = {
				CLASSPREFIX = VLM;
				LastUpgradeCheck = 0500;
				ORGANIZATIONNAME = "David Lu";
				TargetAttributes = {
					BDD899BB183C4C39002E089C = {
						DevelopmentTeam = ARA52RY8JW;
					};
				};
			};
			buildConfigurationList = BDD899B7183C4C39002E089C /* Build configuration list for PBXProject "Cartoonist" */;
			compatibilityVersion = "Xcode 3.2";
			developmentRegion = English;
			hasScannedForEncodings = 0;
			knownRegions = (
				en,
			);
			mainGroup = BDD899B3183C4C39002E089C;
			productRefGroup = BDD899BD183C4C39002E089C /* Products */;
			projectDirPath = "";
			projectRoot = "";
			targets = (
				BDD899BB183C4C39002E089C /* Cartoonist */,
			);
		};
/* End PBXProject section */

/* Begin PBXResourcesBuildPhase section */
		BDD899BA183C4C39002E089C /* Resources */ = {
			isa = PBXResourcesBuildPhase;
			buildActionMask = 2147483647;
			files = (
				BD9139DE18A5E42B0081E37C /* Images in Resources */,
				BDD899CA183C4C39002E089C /* InfoPlist.strings in Resources */,
				BD4F5C49187D0C9400BAD2AB /* Draftsman.ttf in Resources */,
				BD4F5C4A187D0C9400BAD2AB /* ARCHITEC.TTF in Resources */,
				BD8C6E01185969ED005FA217 /* data.json in Resources */,
				BDD899D2183C4C39002E089C /* Images.xcassets in Resources */,
			);
			runOnlyForDeploymentPostprocessing = 0;
		};
/* End PBXResourcesBuildPhase section */

/* Begin PBXShellScriptBuildPhase section */
		1FC92367879F4410AE9CC1F9 /* Copy Pods Resources */ = {
			isa = PBXShellScriptBuildPhase;
			buildActionMask = 2147483647;
			files = (
			);
			inputPaths = (
			);
			name = "Copy Pods Resources";
			outputPaths = (
			);
			runOnlyForDeploymentPostprocessing = 0;
			shellPath = /bin/sh;
			shellScript = "\"${SRCROOT}/Pods/Pods-resources.sh\"\n";
		};
		D88D2424B9224F0BACB1B995 /* Check Pods Manifest.lock */ = {
			isa = PBXShellScriptBuildPhase;
			buildActionMask = 2147483647;
			files = (
			);
			inputPaths = (
			);
			name = "Check Pods Manifest.lock";
			outputPaths = (
			);
			runOnlyForDeploymentPostprocessing = 0;
			shellPath = /bin/sh;
			shellScript = "diff \"${PODS_ROOT}/../Podfile.lock\" \"${PODS_ROOT}/Manifest.lock\" > /dev/null\nif [[ $? != 0 ]] ; then\n    cat << EOM\nerror: The sanbox is not in sync with the Podfile.lock. Run 'pod install'.\nEOM\n    exit 1\nfi\n";
		};
/* End PBXShellScriptBuildPhase section */

/* Begin PBXSourcesBuildPhase section */
		BDD899B8183C4C39002E089C /* Sources */ = {
			isa = PBXSourcesBuildPhase;
			buildActionMask = 2147483647;
			files = (
				BDA1F987184E69F500C4AC57 /* VLMPanelModels.m in Sources */,
				BD7C1BFF18A6F53100565F20 /* NSCache+Fix.m in Sources */,
				BD1DCBC918A8304600DD81E6 /* SDWebImageManager.m in Sources */,
				BD1DCBCA18A8304600DD81E6 /* SDWebImagePrefetcher.m in Sources */,
				BD6B134B18A0E96E004E4FC3 /* BDDROneFingerZoomGestureRecognizer.m in Sources */,
				BD7C1BF818A6CCF100565F20 /* UIImage+Alpha.m in Sources */,
				BDD0AE12183EBFB100BF0CE6 /* VLMSinglePanelFlowLayout.m in Sources */,
				BD8FD83F1840877C00C8B9C6 /* VLMGradient.m in Sources */,
				BD1DCBC818A8304600DD81E6 /* SDWebImageDownloaderOperation.m in Sources */,
				BD4F5C4D187D488C00BAD2AB /* VLMAnimButton.m in Sources */,
				BD8FD83C18402F5D00C8B9C6 /* VLMCaptureView.m in Sources */,
				BD4F5C57187F391B00BAD2AB /* VLMStaticImageCell.m in Sources */,
				BD8FD83918401B9700C8B9C6 /* VLMCollectionViewCellWithChoices.m in Sources */,
				BD0213B1187BB63800E113DA /* VLMSpinner.m in Sources */,
				BDB942531879D8E20010E350 /* VLMPaddedLabel.m in Sources */,
				BD6B134C18A0E96E004E4FC3 /* JRSwizzle.m in Sources */,
				BDB3BB921849B6C600F59AE1 /* VLMDataSource.m in Sources */,
				BD9B2BA918A0BF9B00756943 /* VLMZoomableImageView.m in Sources */,
				BD1DCBCC18A8304600DD81E6 /* UIImage+GIF.m in Sources */,
				BDD0AE0B183D51E800BF0CE6 /* VLMPanelModel.m in Sources */,
				BDD0AE08183D4A0200BF0CE6 /* VLMCollectionViewCell.m in Sources */,
				BD7C1BF918A6CCF100565F20 /* UIImage+RoundedCorner.m in Sources */,
				BD47DFD9185A71150048925D /* VLMParser.m in Sources */,
				BD1DCBCB18A8304600DD81E6 /* UIButton+WebCache.m in Sources */,
				BD1DCBCF18A8304600DD81E6 /* UIImageView+WebCache.m in Sources */,
				BD1DCBC718A8304600DD81E6 /* SDWebImageDownloader.m in Sources */,
				BD1DCBCE18A8304600DD81E6 /* UIImage+WebP.m in Sources */,
				BD1DCBCD18A8304600DD81E6 /* UIImage+MultiFormat.m in Sources */,
				BDD899D0183C4C39002E089C /* VLMAppDelegate.m in Sources */,
				BDD899CC183C4C39002E089C /* main.m in Sources */,
				BD7C1BFC18A6E3D800565F20 /* VLMCachableImageView.m in Sources */,
				BD1DCBC518A8304600DD81E6 /* SDWebImageCompat.m in Sources */,
				BDD0AE03183D479900BF0CE6 /* VLMViewController.m in Sources */,
				BD1DCBC618A8304600DD81E6 /* SDWebImageDecoder.m in Sources */,
				BD1DCBC418A8304600DD81E6 /* SDImageCache.m in Sources */,
				BD1DCBC218A8304600DD81E6 /* MKAnnotationView+WebCache.m in Sources */,
				BDB3BB8E1847226C00F59AE1 /* VLMCollectionViewLayoutAttributes.m in Sources */,
				BDB3BB96184D484200F59AE1 /* VLMNarrationCaption.m in Sources */,
				BD9139E118A5F2940081E37C /* VLMApplicationData.m in Sources */,
				BD7C1BF318A6CC9000565F20 /* UIImage+Resize.m in Sources */,
				BD1DCBC318A8304600DD81E6 /* NSData+ImageContentType.m in Sources */,
				BD4F5C53187F38D300BAD2AB /* VLMWireframeCell.m in Sources */,
				BD6B134618A0E8D8004E4FC3 /* UIScrollView+BDDRScrollViewAdditions.m in Sources */,
			);
			runOnlyForDeploymentPostprocessing = 0;
		};
/* End PBXSourcesBuildPhase section */

/* Begin PBXVariantGroup section */
		BDD899C8183C4C39002E089C /* InfoPlist.strings */ = {
			isa = PBXVariantGroup;
			children = (
				BDD899C9183C4C39002E089C /* en */,
			);
			name = InfoPlist.strings;
			sourceTree = "<group>";
		};
/* End PBXVariantGroup section */

/* Begin XCBuildConfiguration section */
		BDD899E6183C4C39002E089C /* Debug */ = {
			isa = XCBuildConfiguration;
			buildSettings = {
				ALWAYS_SEARCH_USER_PATHS = NO;
				ARCHS = "$(ARCHS_STANDARD_INCLUDING_64_BIT)";
				CLANG_CXX_LANGUAGE_STANDARD = "gnu++0x";
				CLANG_CXX_LIBRARY = "libc++";
				CLANG_ENABLE_MODULES = YES;
				CLANG_ENABLE_OBJC_ARC = YES;
				CLANG_WARN_BOOL_CONVERSION = YES;
				CLANG_WARN_CONSTANT_CONVERSION = YES;
				CLANG_WARN_DIRECT_OBJC_ISA_USAGE = YES_ERROR;
				CLANG_WARN_EMPTY_BODY = YES;
				CLANG_WARN_ENUM_CONVERSION = YES;
				CLANG_WARN_INT_CONVERSION = YES;
				CLANG_WARN_OBJC_ROOT_CLASS = YES_ERROR;
				CLANG_WARN__DUPLICATE_METHOD_MATCH = YES;
				"CODE_SIGN_IDENTITY[sdk=iphoneos*]" = "iPhone Developer";
				COPY_PHASE_STRIP = NO;
				GCC_C_LANGUAGE_STANDARD = gnu99;
				GCC_DYNAMIC_NO_PIC = NO;
				GCC_OPTIMIZATION_LEVEL = 0;
				GCC_PREPROCESSOR_DEFINITIONS = (
					"DEBUG=1",
					"$(inherited)",
				);
				GCC_SYMBOLS_PRIVATE_EXTERN = NO;
				GCC_WARN_64_TO_32_BIT_CONVERSION = YES;
				GCC_WARN_ABOUT_RETURN_TYPE = YES_ERROR;
				GCC_WARN_UNDECLARED_SELECTOR = YES;
				GCC_WARN_UNINITIALIZED_AUTOS = YES;
				GCC_WARN_UNUSED_FUNCTION = YES;
				GCC_WARN_UNUSED_VARIABLE = YES;
				IPHONEOS_DEPLOYMENT_TARGET = 7.0;
				ONLY_ACTIVE_ARCH = YES;
				SDKROOT = iphoneos;
				TARGETED_DEVICE_FAMILY = "1,2";
			};
			name = Debug;
		};
		BDD899E7183C4C39002E089C /* Release */ = {
			isa = XCBuildConfiguration;
			buildSettings = {
				ALWAYS_SEARCH_USER_PATHS = NO;
				ARCHS = "$(ARCHS_STANDARD_INCLUDING_64_BIT)";
				CLANG_CXX_LANGUAGE_STANDARD = "gnu++0x";
				CLANG_CXX_LIBRARY = "libc++";
				CLANG_ENABLE_MODULES = YES;
				CLANG_ENABLE_OBJC_ARC = YES;
				CLANG_WARN_BOOL_CONVERSION = YES;
				CLANG_WARN_CONSTANT_CONVERSION = YES;
				CLANG_WARN_DIRECT_OBJC_ISA_USAGE = YES_ERROR;
				CLANG_WARN_EMPTY_BODY = YES;
				CLANG_WARN_ENUM_CONVERSION = YES;
				CLANG_WARN_INT_CONVERSION = YES;
				CLANG_WARN_OBJC_ROOT_CLASS = YES_ERROR;
				CLANG_WARN__DUPLICATE_METHOD_MATCH = YES;
				"CODE_SIGN_IDENTITY[sdk=iphoneos*]" = "iPhone Developer";
				COPY_PHASE_STRIP = YES;
				ENABLE_NS_ASSERTIONS = NO;
				GCC_C_LANGUAGE_STANDARD = gnu99;
				GCC_WARN_64_TO_32_BIT_CONVERSION = YES;
				GCC_WARN_ABOUT_RETURN_TYPE = YES_ERROR;
				GCC_WARN_UNDECLARED_SELECTOR = YES;
				GCC_WARN_UNINITIALIZED_AUTOS = YES;
				GCC_WARN_UNUSED_FUNCTION = YES;
				GCC_WARN_UNUSED_VARIABLE = YES;
				IPHONEOS_DEPLOYMENT_TARGET = 7.0;
				SDKROOT = iphoneos;
				TARGETED_DEVICE_FAMILY = "1,2";
				VALIDATE_PRODUCT = YES;
			};
			name = Release;
		};
		BDD899E9183C4C39002E089C /* Debug */ = {
			isa = XCBuildConfiguration;
			baseConfigurationReference = D42BBAE8274241A9B97AD6EE /* Pods.xcconfig */;
			buildSettings = {
				ASSETCATALOG_COMPILER_APPICON_NAME = AppIcon;
				ASSETCATALOG_COMPILER_LAUNCHIMAGE_NAME = LaunchImage;
				CODE_SIGN_IDENTITY = "iPhone Developer";
				GCC_PRECOMPILE_PREFIX_HEADER = YES;
				GCC_PREFIX_HEADER = "ABCD/Cartoonist-Prefix.pch";
				INFOPLIST_FILE = "ABCD/Cartoonist-Info.plist";
				PRODUCT_NAME = Cartoonist;
				TARGETED_DEVICE_FAMILY = "1,2";
				WRAPPER_EXTENSION = app;
			};
			name = Debug;
		};
		BDD899EA183C4C39002E089C /* Release */ = {
			isa = XCBuildConfiguration;
			baseConfigurationReference = D42BBAE8274241A9B97AD6EE /* Pods.xcconfig */;
			buildSettings = {
				ASSETCATALOG_COMPILER_APPICON_NAME = AppIcon;
				ASSETCATALOG_COMPILER_LAUNCHIMAGE_NAME = LaunchImage;
				CODE_SIGN_IDENTITY = "iPhone Developer";
				GCC_PRECOMPILE_PREFIX_HEADER = YES;
				GCC_PREFIX_HEADER = "ABCD/Cartoonist-Prefix.pch";
				INFOPLIST_FILE = "ABCD/Cartoonist-Info.plist";
				PRODUCT_NAME = Cartoonist;
				TARGETED_DEVICE_FAMILY = "1,2";
				WRAPPER_EXTENSION = app;
			};
			name = Release;
		};
/* End XCBuildConfiguration section */

/* Begin XCConfigurationList section */
		BDD899B7183C4C39002E089C /* Build configuration list for PBXProject "Cartoonist" */ = {
			isa = XCConfigurationList;
			buildConfigurations = (
				BDD899E6183C4C39002E089C /* Debug */,
				BDD899E7183C4C39002E089C /* Release */,
			);
			defaultConfigurationIsVisible = 0;
			defaultConfigurationName = Release;
		};
		BDD899E8183C4C39002E089C /* Build configuration list for PBXNativeTarget "Cartoonist" */ = {
			isa = XCConfigurationList;
			buildConfigurations = (
				BDD899E9183C4C39002E089C /* Debug */,
				BDD899EA183C4C39002E089C /* Release */,
			);
			defaultConfigurationIsVisible = 0;
			defaultConfigurationName = Release;
		};
/* End XCConfigurationList section */
	};
	rootObject = BDD899B4183C4C39002E089C /* Project object */;
}
